{
  "name": "snowballs",
  "version": "0.0.0",
  "lockfileVersion": 1,
  "requires": true,
  "dependencies": {
    "snowball-engine": {
      "version": "0.0.13",
      "resolved": "https://registry.npmjs.org/snowball-engine/-/snowball-engine-0.0.13.tgz",
      "integrity": "sha512-/g0I0haXz1u5QPgxjdGep8eDIVMNV11AdeGEYCew3X++o9ssy01s6o3sGvNnX7S95B6NAbFhvx/UvqfWbG8RXw=="
    },
    "typescript": {
      "version": "3.8.3",
      "resolved": "https://registry.npmjs.org/typescript/-/typescript-3.8.3.tgz",
      "integrity": "sha512-MYlEfn5VrLNsgudQTVJeNaQFUAI7DkhnOjdpAp4T+ku1TfQClewlbSuTVHiA+8skNBgaf02TL/kLOvig4y3G8w==",
      "dev": true
    }
  }
}
